// !$*UTF8*$!
{
	archiveVersion = 1;
	classes = {
	};
	objectVersion = 46;
	objects = {

/* Begin PBXBuildFile section */
		10FFBAD8196E866700EA97BF /* Foundation.framework in Frameworks */ = {isa = PBXBuildFile; fileRef = 10FFBAD7196E866700EA97BF /* Foundation.framework */; };
		10FFBADA196E866700EA97BF /* CoreGraphics.framework in Frameworks */ = {isa = PBXBuildFile; fileRef = 10FFBAD9196E866700EA97BF /* CoreGraphics.framework */; };
		10FFBADC196E866700EA97BF /* UIKit.framework in Frameworks */ = {isa = PBXBuildFile; fileRef = 10FFBADB196E866700EA97BF /* UIKit.framework */; };
		10FFBAE2196E866700EA97BF /* InfoPlist.strings in Resources */ = {isa = PBXBuildFile; fileRef = 10FFBAE0196E866700EA97BF /* InfoPlist.strings */; };
		10FFBAE4196E866700EA97BF /* main.m in Sources */ = {isa = PBXBuildFile; fileRef = 10FFBAE3196E866700EA97BF /* main.m */; };
		10FFBAE8196E866700EA97BF /* QMAppDelegate.m in Sources */ = {isa = PBXBuildFile; fileRef = 10FFBAE7196E866700EA97BF /* QMAppDelegate.m */; };
		10FFBAEB196E866700EA97BF /* Main.storyboard in Resources */ = {isa = PBXBuildFile; fileRef = 10FFBAE9196E866700EA97BF /* Main.storyboard */; };
		10FFBAEE196E866700EA97BF /* QMViewController.m in Sources */ = {isa = PBXBuildFile; fileRef = 10FFBAED196E866700EA97BF /* QMViewController.m */; };
		10FFBAF0196E866700EA97BF /* Images.xcassets in Resources */ = {isa = PBXBuildFile; fileRef = 10FFBAEF196E866700EA97BF /* Images.xcassets */; };
		10FFBAF7196E866700EA97BF /* XCTest.framework in Frameworks */ = {isa = PBXBuildFile; fileRef = 10FFBAF6196E866700EA97BF /* XCTest.framework */; };
		10FFBAF8196E866700EA97BF /* Foundation.framework in Frameworks */ = {isa = PBXBuildFile; fileRef = 10FFBAD7196E866700EA97BF /* Foundation.framework */; };
		10FFBAF9196E866700EA97BF /* UIKit.framework in Frameworks */ = {isa = PBXBuildFile; fileRef = 10FFBADB196E866700EA97BF /* UIKit.framework */; };
		10FFBB01196E866700EA97BF /* InfoPlist.strings in Resources */ = {isa = PBXBuildFile; fileRef = 10FFBAFF196E866700EA97BF /* InfoPlist.strings */; };
		10FFBB03196E866700EA97BF /* ShipIODemo1Tests.m in Sources */ = {isa = PBXBuildFile; fileRef = 10FFBB02196E866700EA97BF /* ShipIODemo1Tests.m */; };
/* End PBXBuildFile section */

/* Begin PBXContainerItemProxy section */
		10FFBAFA196E866700EA97BF /* PBXContainerItemProxy */ = {
			isa = PBXContainerItemProxy;
			containerPortal = 10FFBACC196E866600EA97BF /* Project object */;
			proxyType = 1;
			remoteGlobalIDString = 10FFBAD3196E866700EA97BF;
			remoteInfo = ShipIODemo1;
		};
/* End PBXContainerItemProxy section */

/* Begin PBXFileReference section */
		10FFBAD4196E866700EA97BF /* ShipIODemo1.app */ = {isa = PBXFileReference; explicitFileType = wrapper.application; includeInIndex = 0; path = ShipIODemo1.app; sourceTree = BUILT_PRODUCTS_DIR; };
		10FFBAD7196E866700EA97BF /* Foundation.framework */ = {isa = PBXFileReference; lastKnownFileType = wrapper.framework; name = Foundation.framework; path = System/Library/Frameworks/Foundation.framework; sourceTree = SDKROOT; };
		10FFBAD9196E866700EA97BF /* CoreGraphics.framework */ = {isa = PBXFileReference; lastKnownFileType = wrapper.framework; name = CoreGraphics.framework; path = System/Library/Frameworks/CoreGraphics.framework; sourceTree = SDKROOT; };
		10FFBADB196E866700EA97BF /* UIKit.framework */ = {isa = PBXFileReference; lastKnownFileType = wrapper.framework; name = UIKit.framework; path = System/Library/Frameworks/UIKit.framework; sourceTree = SDKROOT; };
		10FFBADF196E866700EA97BF /* ShipIODemo1-Info.plist */ = {isa = PBXFileReference; lastKnownFileType = text.plist.xml; path = "ShipIODemo1-Info.plist"; sourceTree = "<group>"; };
		10FFBAE1196E866700EA97BF /* en */ = {isa = PBXFileReference; lastKnownFileType = text.plist.strings; name = en; path = en.lproj/InfoPlist.strings; sourceTree = "<group>"; };
		10FFBAE3196E866700EA97BF /* main.m */ = {isa = PBXFileReference; lastKnownFileType = sourcecode.c.objc; path = main.m; sourceTree = "<group>"; };
		10FFBAE5196E866700EA97BF /* ShipIODemo1-Prefix.pch */ = {isa = PBXFileReference; lastKnownFileType = sourcecode.c.h; path = "ShipIODemo1-Prefix.pch"; sourceTree = "<group>"; };
		10FFBAE6196E866700EA97BF /* QMAppDelegate.h */ = {isa = PBXFileReference; lastKnownFileType = sourcecode.c.h; path = QMAppDelegate.h; sourceTree = "<group>"; };
		10FFBAE7196E866700EA97BF /* QMAppDelegate.m */ = {isa = PBXFileReference; lastKnownFileType = sourcecode.c.objc; path = QMAppDelegate.m; sourceTree = "<group>"; };
		10FFBAEA196E866700EA97BF /* Base */ = {isa = PBXFileReference; lastKnownFileType = file.storyboard; name = Base; path = Base.lproj/Main.storyboard; sourceTree = "<group>"; };
		10FFBAEC196E866700EA97BF /* QMViewController.h */ = {isa = PBXFileReference; lastKnownFileType = sourcecode.c.h; path = QMViewController.h; sourceTree = "<group>"; };
		10FFBAED196E866700EA97BF /* QMViewController.m */ = {isa = PBXFileReference; lastKnownFileType = sourcecode.c.objc; path = QMViewController.m; sourceTree = "<group>"; };
		10FFBAEF196E866700EA97BF /* Images.xcassets */ = {isa = PBXFileReference; lastKnownFileType = folder.assetcatalog; path = Images.xcassets; sourceTree = "<group>"; };
		10FFBAF5196E866700EA97BF /* ShipIODemo1Tests.xctest */ = {isa = PBXFileReference; explicitFileType = wrapper.cfbundle; includeInIndex = 0; path = ShipIODemo1Tests.xctest; sourceTree = BUILT_PRODUCTS_DIR; };
		10FFBAF6196E866700EA97BF /* XCTest.framework */ = {isa = PBXFileReference; lastKnownFileType = wrapper.framework; name = XCTest.framework; path = Library/Frameworks/XCTest.framework; sourceTree = DEVELOPER_DIR; };
		10FFBAFE196E866700EA97BF /* ShipIODemo1Tests-Info.plist */ = {isa = PBXFileReference; lastKnownFileType = text.plist.xml; path = "ShipIODemo1Tests-Info.plist"; sourceTree = "<group>"; };
		10FFBB00196E866700EA97BF /* en */ = {isa = PBXFileReference; lastKnownFileType = text.plist.strings; name = en; path = en.lproj/InfoPlist.strings; sourceTree = "<group>"; };
		10FFBB02196E866700EA97BF /* ShipIODemo1Tests.m */ = {isa = PBXFileReference; lastKnownFileType = sourcecode.c.objc; path = ShipIODemo1Tests.m; sourceTree = "<group>"; };
/* End PBXFileReference section */

/* Begin PBXFrameworksBuildPhase section */
		10FFBAD1196E866700EA97BF /* Frameworks */ = {
			isa = PBXFrameworksBuildPhase;
			buildActionMask = 2147483647;
			files = (
				10FFBADA196E866700EA97BF /* CoreGraphics.framework in Frameworks */,
				10FFBADC196E866700EA97BF /* UIKit.framework in Frameworks */,
				10FFBAD8196E866700EA97BF /* Foundation.framework in Frameworks */,
			);
			runOnlyForDeploymentPostprocessing = 0;
		};
		10FFBAF2196E866700EA97BF /* Frameworks */ = {
			isa = PBXFrameworksBuildPhase;
			buildActionMask = 2147483647;
			files = (
				10FFBAF7196E866700EA97BF /* XCTest.framework in Frameworks */,
				10FFBAF9196E866700EA97BF /* UIKit.framework in Frameworks */,
				10FFBAF8196E866700EA97BF /* Foundation.framework in Frameworks */,
			);
			runOnlyForDeploymentPostprocessing = 0;
		};
/* End PBXFrameworksBuildPhase section */

/* Begin PBXGroup section */
		10FFBACB196E866600EA97BF = {
			isa = PBXGroup;
			children = (
				10FFBADD196E866700EA97BF /* ShipIODemo1 */,
				10FFBAFC196E866700EA97BF /* ShipIODemo1Tests */,
				10FFBAD6196E866700EA97BF /* Frameworks */,
				10FFBAD5196E866700EA97BF /* Products */,
			);
			sourceTree = "<group>";
		};
		10FFBAD5196E866700EA97BF /* Products */ = {
			isa = PBXGroup;
			children = (
				10FFBAD4196E866700EA97BF /* ShipIODemo1.app */,
				10FFBAF5196E866700EA97BF /* ShipIODemo1Tests.xctest */,
			);
			name = Products;
			sourceTree = "<group>";
		};
		10FFBAD6196E866700EA97BF /* Frameworks */ = {
			isa = PBXGroup;
			children = (
				10FFBAD7196E866700EA97BF /* Foundation.framework */,
				10FFBAD9196E866700EA97BF /* CoreGraphics.framework */,
				10FFBADB196E866700EA97BF /* UIKit.framework */,
				10FFBAF6196E866700EA97BF /* XCTest.framework */,
			);
			name = Frameworks;
			sourceTree = "<group>";
		};
		10FFBADD196E866700EA97BF /* ShipIODemo1 */ = {
			isa = PBXGroup;
			children = (
				10FFBAE6196E866700EA97BF /* QMAppDelegate.h */,
				10FFBAE7196E866700EA97BF /* QMAppDelegate.m */,
				10FFBAE9196E866700EA97BF /* Main.storyboard */,
				10FFBAEC196E866700EA97BF /* QMViewController.h */,
				10FFBAED196E866700EA97BF /* QMViewController.m */,
				10FFBAEF196E866700EA97BF /* Images.xcassets */,
				10FFBADE196E866700EA97BF /* Supporting Files */,
			);
			path = ShipIODemo1;
			sourceTree = "<group>";
		};
		10FFBADE196E866700EA97BF /* Supporting Files */ = {
			isa = PBXGroup;
			children = (
				10FFBADF196E866700EA97BF /* ShipIODemo1-Info.plist */,
				10FFBAE0196E866700EA97BF /* InfoPlist.strings */,
				10FFBAE3196E866700EA97BF /* main.m */,
				10FFBAE5196E866700EA97BF /* ShipIODemo1-Prefix.pch */,
			);
			name = "Supporting Files";
			sourceTree = "<group>";
		};
		10FFBAFC196E866700EA97BF /* ShipIODemo1Tests */ = {
			isa = PBXGroup;
			children = (
				10FFBB02196E866700EA97BF /* ShipIODemo1Tests.m */,
				10FFBAFD196E866700EA97BF /* Supporting Files */,
			);
			path = ShipIODemo1Tests;
			sourceTree = "<group>";
		};
		10FFBAFD196E866700EA97BF /* Supporting Files */ = {
			isa = PBXGroup;
			children = (
				10FFBAFE196E866700EA97BF /* ShipIODemo1Tests-Info.plist */,
				10FFBAFF196E866700EA97BF /* InfoPlist.strings */,
			);
			name = "Supporting Files";
			sourceTree = "<group>";
		};
/* End PBXGroup section */

/* Begin PBXNativeTarget section */
		10FFBAD3196E866700EA97BF /* ShipIODemo1 */ = {
			isa = PBXNativeTarget;
			buildConfigurationList = 10FFBB06196E866700EA97BF /* Build configuration list for PBXNativeTarget "ShipIODemo1" */;
			buildPhases = (
				10FFBAD0196E866700EA97BF /* Sources */,
				10FFBAD1196E866700EA97BF /* Frameworks */,
				10FFBAD2196E866700EA97BF /* Resources */,
			);
			buildRules = (
			);
			dependencies = (
			);
			name = ShipIODemo1;
			productName = ShipIODemo1;
			productReference = 10FFBAD4196E866700EA97BF /* ShipIODemo1.app */;
			productType = "com.apple.product-type.application";
		};
		10FFBAF4196E866700EA97BF /* ShipIODemo1Tests */ = {
			isa = PBXNativeTarget;
			buildConfigurationList = 10FFBB09196E866700EA97BF /* Build configuration list for PBXNativeTarget "ShipIODemo1Tests" */;
			buildPhases = (
				10FFBAF1196E866700EA97BF /* Sources */,
				10FFBAF2196E866700EA97BF /* Frameworks */,
				10FFBAF3196E866700EA97BF /* Resources */,
			);
			buildRules = (
			);
			dependencies = (
				10FFBAFB196E866700EA97BF /* PBXTargetDependency */,
			);
			name = ShipIODemo1Tests;
			productName = ShipIODemo1Tests;
			productReference = 10FFBAF5196E866700EA97BF /* ShipIODemo1Tests.xctest */;
			productType = "com.apple.product-type.bundle.unit-test";
		};
/* End PBXNativeTarget section */

/* Begin PBXProject section */
		10FFBACC196E866600EA97BF /* Project object */ = {
			isa = PBXProject;
			attributes = {
				CLASSPREFIX = QM;
				LastUpgradeCheck = 0510;
				ORGANIZATIONNAME = epohsoft;
				TargetAttributes = {
					10FFBAF4196E866700EA97BF = {
						TestTargetID = 10FFBAD3196E866700EA97BF;
					};
				};
			};
			buildConfigurationList = 10FFBACF196E866600EA97BF /* Build configuration list for PBXProject "ShipIODemo1" */;
			compatibilityVersion = "Xcode 3.2";
			developmentRegion = English;
			hasScannedForEncodings = 0;
			knownRegions = (
				en,
				Base,
			);
			mainGroup = 10FFBACB196E866600EA97BF;
			productRefGroup = 10FFBAD5196E866700EA97BF /* Products */;
			projectDirPath = "";
			projectRoot = "";
			targets = (
				10FFBAD3196E866700EA97BF /* ShipIODemo1 */,
				10FFBAF4196E866700EA97BF /* ShipIODemo1Tests */,
			);
		};
/* End PBXProject section */

/* Begin PBXResourcesBuildPhase section */
		10FFBAD2196E866700EA97BF /* Resources */ = {
			isa = PBXResourcesBuildPhase;
			buildActionMask = 2147483647;
			files = (
				10FFBAF0196E866700EA97BF /* Images.xcassets in Resources */,
				10FFBAE2196E866700EA97BF /* InfoPlist.strings in Resources */,
				10FFBAEB196E866700EA97BF /* Main.storyboard in Resources */,
			);
			runOnlyForDeploymentPostprocessing = 0;
		};
		10FFBAF3196E866700EA97BF /* Resources */ = {
			isa = PBXResourcesBuildPhase;
			buildActionMask = 2147483647;
			files = (
				10FFBB01196E866700EA97BF /* InfoPlist.strings in Resources */,
			);
			runOnlyForDeploymentPostprocessing = 0;
		};
/* End PBXResourcesBuildPhase section */

/* Begin PBXSourcesBuildPhase section */
		10FFBAD0196E866700EA97BF /* Sources */ = {
			isa = PBXSourcesBuildPhase;
			buildActionMask = 2147483647;
			files = (
				10FFBAEE196E866700EA97BF /* QMViewController.m in Sources */,
				10FFBAE8196E866700EA97BF /* QMAppDelegate.m in Sources */,
				10FFBAE4196E866700EA97BF /* main.m in Sources */,
			);
			runOnlyForDeploymentPostprocessing = 0;
		};
		10FFBAF1196E866700EA97BF /* Sources */ = {
			isa = PBXSourcesBuildPhase;
			buildActionMask = 2147483647;
			files = (
				10FFBB03196E866700EA97BF /* ShipIODemo1Tests.m in Sources */,
			);
			runOnlyForDeploymentPostprocessing = 0;
		};
/* End PBXSourcesBuildPhase section */

/* Begin PBXTargetDependency section */
		10FFBAFB196E866700EA97BF /* PBXTargetDependency */ = {
			isa = PBXTargetDependency;
			target = 10FFBAD3196E866700EA97BF /* ShipIODemo1 */;
			targetProxy = 10FFBAFA196E866700EA97BF /* PBXContainerItemProxy */;
		};
/* End PBXTargetDependency section */

/* Begin PBXVariantGroup section */
		10FFBAE0196E866700EA97BF /* InfoPlist.strings */ = {
			isa = PBXVariantGroup;
			children = (
				10FFBAE1196E866700EA97BF /* en */,
			);
			name = InfoPlist.strings;
			sourceTree = "<group>";
		};
		10FFBAE9196E866700EA97BF /* Main.storyboard */ = {
			isa = PBXVariantGroup;
			children = (
				10FFBAEA196E866700EA97BF /* Base */,
			);
			name = Main.storyboard;
			sourceTree = "<group>";
		};
		10FFBAFF196E866700EA97BF /* InfoPlist.strings */ = {
			isa = PBXVariantGroup;
			children = (
				10FFBB00196E866700EA97BF /* en */,
			);
			name = InfoPlist.strings;
			sourceTree = "<group>";
		};
/* End PBXVariantGroup section */

/* Begin XCBuildConfiguration section */
		10FFBB04196E866700EA97BF /* Debug */ = {
			isa = XCBuildConfiguration;
			buildSettings = {
				ALWAYS_SEARCH_USER_PATHS = NO;
				CLANG_CXX_LANGUAGE_STANDARD = "gnu++0x";
				CLANG_CXX_LIBRARY = "libc++";
				CLANG_ENABLE_MODULES = YES;
				CLANG_ENABLE_OBJC_ARC = YES;
				CLANG_WARN_BOOL_CONVERSION = YES;
				CLANG_WARN_CONSTANT_CONVERSION = YES;
				CLANG_WARN_DIRECT_OBJC_ISA_USAGE = YES_ERROR;
				CLANG_WARN_EMPTY_BODY = YES;
				CLANG_WARN_ENUM_CONVERSION = YES;
				CLANG_WARN_INT_CONVERSION = YES;
				CLANG_WARN_OBJC_ROOT_CLASS = YES_ERROR;
				CLANG_WARN__DUPLICATE_METHOD_MATCH = YES;
				"CODE_SIGN_IDENTITY[sdk=iphoneos*]" = "iPhone Developer";
				COPY_PHASE_STRIP = NO;
				GCC_C_LANGUAGE_STANDARD = gnu99;
				GCC_DYNAMIC_NO_PIC = NO;
				GCC_OPTIMIZATION_LEVEL = 0;
				GCC_PREPROCESSOR_DEFINITIONS = (
					"DEBUG=1",
					"$(inherited)",
				);
				GCC_SYMBOLS_PRIVATE_EXTERN = NO;
				GCC_WARN_64_TO_32_BIT_CONVERSION = YES;
				GCC_WARN_ABOUT_RETURN_TYPE = YES_ERROR;
				GCC_WARN_UNDECLARED_SELECTOR = YES;
				GCC_WARN_UNINITIALIZED_AUTOS = YES_AGGRESSIVE;
				GCC_WARN_UNUSED_FUNCTION = YES;
				GCC_WARN_UNUSED_VARIABLE = YES;
				IPHONEOS_DEPLOYMENT_TARGET = 7.1;
				ONLY_ACTIVE_ARCH = YES;
				SDKROOT = iphoneos;
			};
			name = Debug;
		};
		10FFBB05196E866700EA97BF /* Release */ = {
			isa = XCBuildConfiguration;
			buildSettings = {
				ALWAYS_SEARCH_USER_PATHS = NO;
				CLANG_CXX_LANGUAGE_STANDARD = "gnu++0x";
				CLANG_CXX_LIBRARY = "libc++";
				CLANG_ENABLE_MODULES = YES;
				CLANG_ENABLE_OBJC_ARC = YES;
				CLANG_WARN_BOOL_CONVERSION = YES;
				CLANG_WARN_CONSTANT_CONVERSION = YES;
				CLANG_WARN_DIRECT_OBJC_ISA_USAGE = YES_ERROR;
				CLANG_WARN_EMPTY_BODY = YES;
				CLANG_WARN_ENUM_CONVERSION = YES;
				CLANG_WARN_INT_CONVERSION = YES;
				CLANG_WARN_OBJC_ROOT_CLASS = YES_ERROR;
				CLANG_WARN__DUPLICATE_METHOD_MATCH = YES;
				"CODE_SIGN_IDENTITY[sdk=iphoneos*]" = "iPhone Developer";
				COPY_PHASE_STRIP = YES;
				ENABLE_NS_ASSERTIONS = NO;
				GCC_C_LANGUAGE_STANDARD = gnu99;
				GCC_WARN_64_TO_32_BIT_CONVERSION = YES;
				GCC_WARN_ABOUT_RETURN_TYPE = YES_ERROR;
				GCC_WARN_UNDECLARED_SELECTOR = YES;
				GCC_WARN_UNINITIALIZED_AUTOS = YES_AGGRESSIVE;
				GCC_WARN_UNUSED_FUNCTION = YES;
				GCC_WARN_UNUSED_VARIABLE = YES;
				IPHONEOS_DEPLOYMENT_TARGET = 7.1;
				SDKROOT = iphoneos;
				VALIDATE_PRODUCT = YES;
			};
			name = Release;
		};
		10FFBB07196E866700EA97BF /* Debug */ = {
			isa = XCBuildConfiguration;
			buildSettings = {
				ASSETCATALOG_COMPILER_APPICON_NAME = AppIcon;
				ASSETCATALOG_COMPILER_LAUNCHIMAGE_NAME = LaunchImage;
				GCC_PRECOMPILE_PREFIX_HEADER = YES;
				GCC_PREFIX_HEADER = "ShipIODemo1/ShipIODemo1-Prefix.pch";
				INFOPLIST_FILE = "ShipIODemo1/ShipIODemo1-Info.plist";
				PRODUCT_NAME = "$(TARGET_NAME)";
				WRAPPER_EXTENSION = app;
			};
			name = Debug;
		};
		10FFBB08196E866700EA97BF /* Release */ = {
			isa = XCBuildConfiguration;
			buildSettings = {
				ASSETCATALOG_COMPILER_APPICON_NAME = AppIcon;
				ASSETCATALOG_COMPILER_LAUNCHIMAGE_NAME = LaunchImage;
				GCC_PRECOMPILE_PREFIX_HEADER = YES;
				GCC_PREFIX_HEADER = "ShipIODemo1/ShipIODemo1-Prefix.pch";
				INFOPLIST_FILE = "ShipIODemo1/ShipIODemo1-Info.plist";
				PRODUCT_NAME = "$(TARGET_NAME)";
				WRAPPER_EXTENSION = app;
			};
			name = Release;
		};
		10FFBB0A196E866700EA97BF /* Debug */ = {
			isa = XCBuildConfiguration;
			buildSettings = {
				BUNDLE_LOADER = "$(BUILT_PRODUCTS_DIR)/ShipIODemo1.app/ShipIODemo1";
				FRAMEWORK_SEARCH_PATHS = (
					"$(SDKROOT)/Developer/Library/Frameworks",
					"$(inherited)",
					"$(DEVELOPER_FRAMEWORKS_DIR)",
				);
				GCC_PRECOMPILE_PREFIX_HEADER = YES;
				GCC_PREFIX_HEADER = "ShipIODemo1/ShipIODemo1-Prefix.pch";
				GCC_PREPROCESSOR_DEFINITIONS = (
					"DEBUG=1",
					"$(inherited)",
				);
				INFOPLIST_FILE = "ShipIODemo1Tests/ShipIODemo1Tests-Info.plist";
				PRODUCT_NAME = "$(TARGET_NAME)";
				TEST_HOST = "$(BUNDLE_LOADER)";
				WRAPPER_EXTENSION = xctest;
			};
			name = Debug;
		};
		10FFBB0B196E866700EA97BF /* Release */ = {
			isa = XCBuildConfiguration;
			buildSettings = {
				BUNDLE_LOADER = "$(BUILT_PRODUCTS_DIR)/ShipIODemo1.app/ShipIODemo1";
				FRAMEWORK_SEARCH_PATHS = (
					"$(SDKROOT)/Developer/Library/Frameworks",
					"$(inherited)",
					"$(DEVELOPER_FRAMEWORKS_DIR)",
				);
				GCC_PRECOMPILE_PREFIX_HEADER = YES;
				GCC_PREFIX_HEADER = "ShipIODemo1/ShipIODemo1-Prefix.pch";
				INFOPLIST_FILE = "ShipIODemo1Tests/ShipIODemo1Tests-Info.plist";
				PRODUCT_NAME = "$(TARGET_NAME)";
				TEST_HOST = "$(BUNDLE_LOADER)";
				WRAPPER_EXTENSION = xctest;
			};
			name = Release;
		};
/* End XCBuildConfiguration section */

/* Begin XCConfigurationList section */
		10FFBACF196E866600EA97BF /* Build configuration list for PBXProject "ShipIODemo1" */ = {
			isa = XCConfigurationList;
			buildConfigurations = (
				10FFBB04196E866700EA97BF /* Debug */,
				10FFBB05196E866700EA97BF /* Release */,
			);
			defaultConfigurationIsVisible = 0;
			defaultConfigurationName = Release;
		};
		10FFBB06196E866700EA97BF /* Build configuration list for PBXNativeTarget "ShipIODemo1" */ = {
			isa = XCConfigurationList;
			buildConfigurations = (
				10FFBB07196E866700EA97BF /* Debug */,
				10FFBB08196E866700EA97BF /* Release */,
			);
			defaultConfigurationIsVisible = 0;
		};
		10FFBB09196E866700EA97BF /* Build configuration list for PBXNativeTarget "ShipIODemo1Tests" */ = {
			isa = XCConfigurationList;
			buildConfigurations = (
				10FFBB0A196E866700EA97BF /* Debug */,
				10FFBB0B196E866700EA97BF /* Release */,
			);
			defaultConfigurationIsVisible = 0;
		};
/* End XCConfigurationList section */
	};
	rootObject = 10FFBACC196E866600EA97BF /* Project object */;
}
